
Microsoft Visual Studio Solution File, Format Version 12.00
# Visual Studio Version 17
VisualStudioVersion = 17.4.33205.214
MinimumVisualStudioVersion = 10.0.40219.1
Project("{FAE04EC0-301F-11D3-BF4B-00C04F79EFBC}") = "gitignore", "gitignore.csproj", "{384DD8CB-2F7F-4D9A-8485-057F2CED8107}"
EndProject
Global
	GlobalSection(SolutionConfigurationPlatforms) = preSolution
		Debug|Any CPU = Debug|Any CPU
		Release|Any CPU = Release|Any CPU
	EndGlobalSection
	GlobalSection(ProjectConfigurationPlatforms) = postSolution
		{384DD8CB-2F7F-4D9A-8485-057F2CED8107}.Debug|Any CPU.ActiveCfg = Debug|Any CPU
		{384DD8CB-2F7F-4D9A-8485-057F2CED8107}.Debug|Any CPU.Build.0 = Debug|Any CPU
		{384DD8CB-2F7F-4D9A-8485-057F2CED8107}.Release|Any CPU.ActiveCfg = Release|Any CPU
		{384DD8CB-2F7F-4D9A-8485-057F2CED8107}.Release|Any CPU.Build.0 = Release|Any CPU
	EndGlobalSection
	GlobalSection(SolutionProperties) = preSolution
		HideSolutionNode = FALSE
	EndGlobalSection
	GlobalSection(ExtensibilityGlobals) = postSolution
		SolutionGuid = {C7AC39F3-4310-419D-AB61-4C8544F45DBB}
	EndGlobalSection
EndGlobal
